
Microsoft Visual Studio Solution File, Format Version 12.00
# Visual Studio Version 17
VisualStudioVersion = 17.11.35208.52
MinimumVisualStudioVersion = 10.0.40219.1
Project("{9A19103F-16F7-4668-BE54-9A1E7A4F7556}") = "Libreria", "Libreria\Libreria.csproj", "{F154A690-3400-4AA0-A6D8-3E5AF8E6193F}"
EndProject
Project("{9A19103F-16F7-4668-BE54-9A1E7A4F7556}") = "LibreriaNUnit", "LibreriaNUnit\LibreriaNUnit.csproj", "{C7347736-4821-4846-B304-47E2708C00BA}"
EndProject
Project("{FAE04EC0-301F-11D3-BF4B-00C04F79EFBC}") = "LibreriaXUnit", "LibreriaXUnit\LibreriaXUnit.csproj", "{986502F7-222F-48B7-8B3D-C34D94AB5366}"
EndProject
Global
	GlobalSection(SolutionConfigurationPlatforms) = preSolution
		Debug|Any CPU = Debug|Any CPU
		Release|Any CPU = Release|Any CPU
	EndGlobalSection
	GlobalSection(ProjectConfigurationPlatforms) = postSolution
		{F154A690-3400-4AA0-A6D8-3E5AF8E6193F}.Debug|Any CPU.ActiveCfg = Debug|Any CPU
		{F154A690-3400-4AA0-A6D8-3E5AF8E6193F}.Debug|Any CPU.Build.0 = Debug|Any CPU
		{F154A690-3400-4AA0-A6D8-3E5AF8E6193F}.Release|Any CPU.ActiveCfg = Release|Any CPU
		{F154A690-3400-4AA0-A6D8-3E5AF8E6193F}.Release|Any CPU.Build.0 = Release|Any CPU
		{C7347736-4821-4846-B304-47E2708C00BA}.Debug|Any CPU.ActiveCfg = Debug|Any CPU
		{C7347736-4821-4846-B304-47E2708C00BA}.Debug|Any CPU.Build.0 = Debug|Any CPU
		{C7347736-4821-4846-B304-47E2708C00BA}.Release|Any CPU.ActiveCfg = Release|Any CPU
		{C7347736-4821-4846-B304-47E2708C00BA}.Release|Any CPU.Build.0 = Release|Any CPU
		{986502F7-222F-48B7-8B3D-C34D94AB5366}.Debug|Any CPU.ActiveCfg = Debug|Any CPU
		{986502F7-222F-48B7-8B3D-C34D94AB5366}.Debug|Any CPU.Build.0 = Debug|Any CPU
		{986502F7-222F-48B7-8B3D-C34D94AB5366}.Release|Any CPU.ActiveCfg = Release|Any CPU
		{986502F7-222F-48B7-8B3D-C34D94AB5366}.Release|Any CPU.Build.0 = Release|Any CPU
	EndGlobalSection
	GlobalSection(SolutionProperties) = preSolution
		HideSolutionNode = FALSE
	EndGlobalSection
	GlobalSection(ExtensibilityGlobals) = postSolution
		SolutionGuid = {92168468-1E81-421F-973A-44518F78651B}
	EndGlobalSection
EndGlobal
