
Microsoft Visual Studio Solution File, Format Version 12.00
# Visual Studio Version 16
VisualStudioVersion = 16.0.33214.272
MinimumVisualStudioVersion = 10.0.40219.1
Project("{FAE04EC0-301F-11D3-BF4B-00C04F79EFBC}") = "ProyectoDePracticaParaClases", "ProyectoDePracticaParaClases\ProyectoDePracticaParaClases.csproj", "{689679CA-F0A8-47B9-8CE2-042B2581D02B}"
EndProject
Project("{FAE04EC0-301F-11D3-BF4B-00C04F79EFBC}") = "ModeloDeDominio", "ModeloDeDominio\ModeloDeDominio.csproj", "{431C0F6B-AC5A-4B24-89C3-1971A92CDCFD}"
EndProject
Global
	GlobalSection(SolutionConfigurationPlatforms) = preSolution
		Debug|Any CPU = Debug|Any CPU
		Release|Any CPU = Release|Any CPU
	EndGlobalSection
	GlobalSection(ProjectConfigurationPlatforms) = postSolution
		{689679CA-F0A8-47B9-8CE2-042B2581D02B}.Debug|Any CPU.ActiveCfg = Debug|Any CPU
		{689679CA-F0A8-47B9-8CE2-042B2581D02B}.Debug|Any CPU.Build.0 = Debug|Any CPU
		{689679CA-F0A8-47B9-8CE2-042B2581D02B}.Release|Any CPU.ActiveCfg = Release|Any CPU
		{689679CA-F0A8-47B9-8CE2-042B2581D02B}.Release|Any CPU.Build.0 = Release|Any CPU
		{431C0F6B-AC5A-4B24-89C3-1971A92CDCFD}.Debug|Any CPU.ActiveCfg = Debug|Any CPU
		{431C0F6B-AC5A-4B24-89C3-1971A92CDCFD}.Debug|Any CPU.Build.0 = Debug|Any CPU
		{431C0F6B-AC5A-4B24-89C3-1971A92CDCFD}.Release|Any CPU.ActiveCfg = Release|Any CPU
		{431C0F6B-AC5A-4B24-89C3-1971A92CDCFD}.Release|Any CPU.Build.0 = Release|Any CPU
	EndGlobalSection
	GlobalSection(SolutionProperties) = preSolution
		HideSolutionNode = FALSE
	EndGlobalSection
	GlobalSection(ExtensibilityGlobals) = postSolution
		SolutionGuid = {D2D71CC3-B384-45F2-B504-36C191ED4AD2}
	EndGlobalSection
EndGlobal
