
Microsoft Visual Studio Solution File, Format Version 12.00
# Visual Studio Version 17
VisualStudioVersion = 17.9.34607.119
MinimumVisualStudioVersion = 10.0.40219.1
Project("{FAE04EC0-301F-11D3-BF4B-00C04F79EFBC}") = "ManejoDePresupuestos", "ManejoDePresupuestos\ManejoDePresupuestos.csproj", "{AB88B437-77C1-440B-BAFA-34C3068E075B}"
EndProject
Global
	GlobalSection(SolutionConfigurationPlatforms) = preSolution
		Debug|Any CPU = Debug|Any CPU
		Release|Any CPU = Release|Any CPU
	EndGlobalSection
	GlobalSection(ProjectConfigurationPlatforms) = postSolution
		{AB88B437-77C1-440B-BAFA-34C3068E075B}.Debug|Any CPU.ActiveCfg = Debug|Any CPU
		{AB88B437-77C1-440B-BAFA-34C3068E075B}.Debug|Any CPU.Build.0 = Debug|Any CPU
		{AB88B437-77C1-440B-BAFA-34C3068E075B}.Release|Any CPU.ActiveCfg = Release|Any CPU
		{AB88B437-77C1-440B-BAFA-34C3068E075B}.Release|Any CPU.Build.0 = Release|Any CPU
	EndGlobalSection
	GlobalSection(SolutionProperties) = preSolution
		HideSolutionNode = FALSE
	EndGlobalSection
	GlobalSection(ExtensibilityGlobals) = postSolution
		SolutionGuid = {2CF03799-5033-4BCD-99BD-E81018D16ED7}
	EndGlobalSection
EndGlobal
